<?xml version="1.0" encoding="utf-8"?>
<Project ToolsVersion="4.0" xmlns="http://schemas.microsoft.com/developer/msbuild/2003">
  <ItemGroup>
    <Filter Include="ソース ファイル">
      <UniqueIdentifier>{4FC737F1-C7A5-4376-A066-2A32D752A2FF}</UniqueIdentifier>
      <Extensions>cpp;c;cc;cxx;def;odl;idl;hpj;bat;asm;asmx</Extensions>
    </Filter>
    <Filter Include="ヘッダー ファイル">
      <UniqueIdentifier>{93995380-89BD-4b04-88EB-625FBE52EBFB}</UniqueIdentifier>
      <Extensions>h;hh;hpp;hxx;hm;inl;inc;xsd</Extensions>
    </Filter>
    <Filter Include="リソース ファイル">
      <UniqueIdentifier>{67DA6AB6-F800-4c08-8B7A-83BB121AAD01}</UniqueIdentifier>
      <Extensions>rc;ico;cur;bmp;dlg;rc2;rct;bin;rgs;gif;jpg;jpeg;jpe;resx;tiff;tif;png;wav;mfcribbon-ms</Extensions>
    </Filter>
    <Filter Include="ソース ファイル\00_Sytsem">
      <UniqueIdentifier>{b333bb27-e297-45f5-9978-326d75a8a5c8}</UniqueIdentifier>
    </Filter>
    <Filter Include="ソース ファイル\01_Scene">
      <UniqueIdentifier>{97863d67-106b-4295-be0c-7ef70b8f2cd4}</UniqueIdentifier>
    </Filter>
    <Filter Include="ソース ファイル\02_Draw">
      <UniqueIdentifier>{b18fb681-61ac-4ffe-b456-02449794be66}</UniqueIdentifier>
    </Filter>
    <Filter Include="ソース ファイル\01_Scene\00_Title">
      <UniqueIdentifier>{7cafde32-a5c2-4b3a-b4fd-e7548313b4c7}</UniqueIdentifier>
    </Filter>
    <Filter Include="ソース ファイル\01_Scene\01_Tutorial">
      <UniqueIdentifier>{396be6fe-968f-4ecd-9d63-cd1949e543b7}</UniqueIdentifier>
    </Filter>
    <Filter Include="ソース ファイル\01_Scene\02_Game">
      <UniqueIdentifier>{28b159e1-ed12-42d5-a15d-f2dd1aa070ef}</UniqueIdentifier>
    </Filter>
    <Filter Include="ソース ファイル\01_Scene\03_Result">
      <UniqueIdentifier>{f9693d87-bb34-420b-88fa-50c01291756d}</UniqueIdentifier>
    </Filter>
    <Filter Include="ソース ファイル\01_Scene\04_Ranking">
      <UniqueIdentifier>{cab6cb98-2e26-42c7-841c-398fe36a0cfa}</UniqueIdentifier>
    </Filter>
    <Filter Include="ソース ファイル\02_Draw\2D">
      <UniqueIdentifier>{90994e80-0291-4da2-bd5a-9864a244334a}</UniqueIdentifier>
    </Filter>
    <Filter Include="ソース ファイル\02_Draw\3D">
      <UniqueIdentifier>{b99d1e5e-a2ad-438e-ade2-7988f4724f63}</UniqueIdentifier>
    </Filter>
    <Filter Include="ソース ファイル\01_Scene\02_Game\Pause">
      <UniqueIdentifier>{b4008d0d-4797-43f0-90e7-db3aa34220c6}</UniqueIdentifier>
    </Filter>
    <Filter Include="ヘッダー ファイル\00_System">
      <UniqueIdentifier>{fa93d762-2356-45ad-8065-018e6fcff921}</UniqueIdentifier>
    </Filter>
    <Filter Include="ヘッダー ファイル\01_Scene">
      <UniqueIdentifier>{087c5111-3569-49f8-8559-80876ca15668}</UniqueIdentifier>
    </Filter>
    <Filter Include="ヘッダー ファイル\02_Draw">
      <UniqueIdentifier>{f7684fc3-8768-44ce-af61-5641aa59dfca}</UniqueIdentifier>
    </Filter>
    <Filter Include="ヘッダー ファイル\01_Scene\00_Title">
      <UniqueIdentifier>{20a18ce6-5153-47a7-a6e6-a4d80af344f7}</UniqueIdentifier>
    </Filter>
    <Filter Include="ヘッダー ファイル\01_Scene\01_Tutorial">
      <UniqueIdentifier>{acb6f3ae-ef04-4c83-97a9-749e3db6e55f}</UniqueIdentifier>
    </Filter>
    <Filter Include="ヘッダー ファイル\01_Scene\02_Game">
      <UniqueIdentifier>{97d91187-c623-4919-bb28-10bb60967937}</UniqueIdentifier>
    </Filter>
    <Filter Include="ヘッダー ファイル\01_Scene\03_Result">
      <UniqueIdentifier>{59e6116e-d684-4b9f-9561-1879c8a7b3fb}</UniqueIdentifier>
    </Filter>
    <Filter Include="ヘッダー ファイル\01_Scene\04_Ranking">
      <UniqueIdentifier>{411a7a08-c834-46a2-b4bd-a1125a53111c}</UniqueIdentifier>
    </Filter>
    <Filter Include="ヘッダー ファイル\02_Draw\2D">
      <UniqueIdentifier>{6deb3bb1-50d7-496e-afcf-96343e337e12}</UniqueIdentifier>
    </Filter>
    <Filter Include="ヘッダー ファイル\02_Draw\3D">
      <UniqueIdentifier>{d47431c3-cf0b-4db7-8048-2be3bdf7a582}</UniqueIdentifier>
    </Filter>
    <Filter Include="ヘッダー ファイル\01_Scene\02_Game\Pause">
      <UniqueIdentifier>{5539b3b4-ec3e-4c55-aacf-a6b66b50b231}</UniqueIdentifier>
    </Filter>
    <Filter Include="ソース ファイル\00_Sytsem\00_Resources">
      <UniqueIdentifier>{2d916e3d-4cb3-4419-914c-86f4214d3cce}</UniqueIdentifier>
    </Filter>
    <Filter Include="ソース ファイル\00_Sytsem\00_Resources\Textdata">
      <UniqueIdentifier>{6378bc7b-ae7b-415d-b746-1fb2c34f5b59}</UniqueIdentifier>
    </Filter>
    <Filter Include="ソース ファイル\00_Sytsem\01_Control">
      <UniqueIdentifier>{845ded86-33a0-4301-bbeb-046c3e772062}</UniqueIdentifier>
    </Filter>
    <Filter Include="ヘッダー ファイル\00_System\00_Resources">
      <UniqueIdentifier>{3e6641bf-7ec8-4e1e-b587-c64af725ce5f}</UniqueIdentifier>
    </Filter>
    <Filter Include="ヘッダー ファイル\00_System\00_Resources\Textdata">
      <UniqueIdentifier>{371f0f83-f73d-469b-b3ee-4bf61f9c8b82}</UniqueIdentifier>
    </Filter>
    <Filter Include="ヘッダー ファイル\00_System\01_Control">
      <UniqueIdentifier>{1cd8280e-4ac4-42d8-8b41-3f2812967d0b}</UniqueIdentifier>
    </Filter>
  </ItemGroup>
  <ItemGroup>
    <ClCompile Include="bg.cpp">
      <Filter>ソース ファイル\00_Sytsem</Filter>
    </ClCompile>
    <ClCompile Include="camera.cpp">
      <Filter>ソース ファイル\00_Sytsem</Filter>
    </ClCompile>
    <ClCompile Include="debugproc.cpp">
      <Filter>ソース ファイル\00_Sytsem</Filter>
    </ClCompile>
    <ClCompile Include="game.cpp">
      <Filter>ソース ファイル\01_Scene\02_Game</Filter>
    </ClCompile>
    <ClCompile Include="fade.cpp">
      <Filter>ソース ファイル\00_Sytsem</Filter>
    </ClCompile>
    <ClCompile Include="light.cpp">
      <Filter>ソース ファイル\00_Sytsem</Filter>
    </ClCompile>
    <ClCompile Include="main.cpp">
      <Filter>ソース ファイル\00_Sytsem</Filter>
    </ClCompile>
    <ClCompile Include="manager.cpp">
      <Filter>ソース ファイル\00_Sytsem</Filter>
    </ClCompile>
    <ClCompile Include="renderer.cpp">
      <Filter>ソース ファイル\00_Sytsem</Filter>
    </ClCompile>
    <ClCompile Include="sound.cpp">
      <Filter>ソース ファイル\00_Sytsem\00_Resources</Filter>
    </ClCompile>
    <ClCompile Include="texture.cpp">
      <Filter>ソース ファイル\00_Sytsem\00_Resources</Filter>
    </ClCompile>
    <ClCompile Include="textdata.cpp">
      <Filter>ソース ファイル\00_Sytsem\00_Resources\Textdata</Filter>
    </ClCompile>
    <ClCompile Include="textdata_object.cpp">
      <Filter>ソース ファイル\00_Sytsem\00_Resources\Textdata</Filter>
    </ClCompile>
    <ClCompile Include="textdata_player.cpp">
      <Filter>ソース ファイル\00_Sytsem\00_Resources\Textdata</Filter>
    </ClCompile>
    <ClCompile Include="textdata_ranking.cpp">
      <Filter>ソース ファイル\00_Sytsem\00_Resources\Textdata</Filter>
    </ClCompile>
    <ClCompile Include="textdata_system.cpp">
      <Filter>ソース ファイル\00_Sytsem\00_Resources\Textdata</Filter>
    </ClCompile>
    <ClCompile Include="meshfield.cpp">
      <Filter>ソース ファイル\02_Draw\3D</Filter>
    </ClCompile>
    <ClCompile Include="number.cpp">
      <Filter>ソース ファイル\02_Draw\2D</Filter>
    </ClCompile>
    <ClCompile Include="model.cpp">
      <Filter>ソース ファイル\02_Draw\3D</Filter>
    </ClCompile>
    <ClCompile Include="pause.cpp">
      <Filter>ソース ファイル\01_Scene\02_Game\Pause</Filter>
    </ClCompile>
    <ClCompile Include="pause_base.cpp">
      <Filter>ソース ファイル\01_Scene\02_Game\Pause</Filter>
    </ClCompile>
    <ClCompile Include="pause_bg.cpp">
      <Filter>ソース ファイル\01_Scene\02_Game\Pause</Filter>
    </ClCompile>
    <ClCompile Include="pause_select.cpp">
      <Filter>ソース ファイル\01_Scene\02_Game\Pause</Filter>
    </ClCompile>
    <ClCompile Include="player.cpp">
      <Filter>ソース ファイル\01_Scene\02_Game</Filter>
    </ClCompile>
    <ClCompile Include="polygon.cpp">
      <Filter>ソース ファイル\02_Draw\2D</Filter>
    </ClCompile>
    <ClCompile Include="ranking.cpp">
      <Filter>ソース ファイル\01_Scene\04_Ranking</Filter>
    </ClCompile>
    <ClCompile Include="ranking_logo.cpp">
      <Filter>ソース ファイル\01_Scene\04_Ranking</Filter>
    </ClCompile>
    <ClCompile Include="ranking_rank.cpp">
      <Filter>ソース ファイル\01_Scene\04_Ranking</Filter>
    </ClCompile>
    <ClCompile Include="ranking_score.cpp">
      <Filter>ソース ファイル\01_Scene\04_Ranking</Filter>
    </ClCompile>
    <ClCompile Include="result_score.cpp">
      <Filter>ソース ファイル\01_Scene\03_Result</Filter>
    </ClCompile>
    <ClCompile Include="result.cpp">
      <Filter>ソース ファイル\01_Scene\03_Result</Filter>
    </ClCompile>
    <ClCompile Include="result_logo.cpp">
      <Filter>ソース ファイル\01_Scene\03_Result</Filter>
    </ClCompile>
    <ClCompile Include="scene.cpp">
      <Filter>ソース ファイル\02_Draw</Filter>
    </ClCompile>
    <ClCompile Include="scene2D.cpp">
      <Filter>ソース ファイル\02_Draw\2D</Filter>
    </ClCompile>
    <ClCompile Include="scene3D.cpp">
      <Filter>ソース ファイル\02_Draw\3D</Filter>
    </ClCompile>
    <ClCompile Include="sceneBillboard.cpp">
      <Filter>ソース ファイル\02_Draw\3D</Filter>
    </ClCompile>
    <ClCompile Include="sceneX.cpp">
      <Filter>ソース ファイル\02_Draw\3D</Filter>
    </ClCompile>
    <ClCompile Include="score.cpp">
      <Filter>ソース ファイル\01_Scene\02_Game</Filter>
    </ClCompile>
    <ClCompile Include="shadow.cpp">
      <Filter>ソース ファイル\02_Draw\3D</Filter>
    </ClCompile>
    <ClCompile Include="title.cpp">
      <Filter>ソース ファイル\01_Scene\00_Title</Filter>
    </ClCompile>
    <ClCompile Include="title_enter.cpp">
      <Filter>ソース ファイル\01_Scene\00_Title</Filter>
    </ClCompile>
    <ClCompile Include="title_logo.cpp">
      <Filter>ソース ファイル\01_Scene\00_Title</Filter>
    </ClCompile>
    <ClCompile Include="tutorial.cpp">
      <Filter>ソース ファイル\01_Scene\01_Tutorial</Filter>
    </ClCompile>
    <ClCompile Include="tutorial_page.cpp">
      <Filter>ソース ファイル\01_Scene\01_Tutorial</Filter>
    </ClCompile>
    <ClCompile Include="object.cpp">
      <Filter>ソース ファイル\01_Scene\02_Game</Filter>
    </ClCompile>
    <ClCompile Include="textdata_texture.cpp">
      <Filter>ソース ファイル\00_Sytsem\00_Resources\Textdata</Filter>
    </ClCompile>
    <ClCompile Include="input.cpp">
      <Filter>ソース ファイル\00_Sytsem\01_Control</Filter>
    </ClCompile>
    <ClCompile Include="gamepad.cpp">
      <Filter>ソース ファイル\00_Sytsem\01_Control</Filter>
    </ClCompile>
    <ClCompile Include="textdata_pause.cpp">
      <Filter>ソース ファイル\00_Sytsem\00_Resources\Textdata</Filter>
    </ClCompile>
    <ClCompile Include="collision.cpp">
      <Filter>ソース ファイル\02_Draw\3D</Filter>
    </ClCompile>
    <ClCompile Include="Terrain.cpp">
      <Filter>ソース ファイル\02_Draw\3D</Filter>
    </ClCompile>
    <ClCompile Include="textdata_terrain.cpp">
      <Filter>ソース ファイル\00_Sytsem\00_Resources\Textdata</Filter>
    </ClCompile>
  </ItemGroup>
  <ItemGroup>
    <ClInclude Include="bg.h">
      <Filter>ヘッダー ファイル\00_System</Filter>
    </ClInclude>
    <ClInclude Include="debugproc.h">
      <Filter>ヘッダー ファイル\00_System</Filter>
    </ClInclude>
    <ClInclude Include="camera.h">
      <Filter>ヘッダー ファイル\00_System</Filter>
    </ClInclude>
    <ClInclude Include="fade.h">
      <Filter>ヘッダー ファイル\00_System</Filter>
    </ClInclude>
    <ClInclude Include="light.h">
      <Filter>ヘッダー ファイル\00_System</Filter>
    </ClInclude>
    <ClInclude Include="main.h">
      <Filter>ヘッダー ファイル\00_System</Filter>
    </ClInclude>
    <ClInclude Include="manager.h">
      <Filter>ヘッダー ファイル\00_System</Filter>
    </ClInclude>
    <ClInclude Include="renderer.h">
      <Filter>ヘッダー ファイル\00_System</Filter>
    </ClInclude>
    <ClInclude Include="textdata_object.h">
      <Filter>ヘッダー ファイル\00_System\00_Resources\Textdata</Filter>
    </ClInclude>
    <ClInclude Include="textdata.h">
      <Filter>ヘッダー ファイル\00_System\00_Resources\Textdata</Filter>
    </ClInclude>
    <ClInclude Include="textdata_player.h">
      <Filter>ヘッダー ファイル\00_System\00_Resources\Textdata</Filter>
    </ClInclude>
    <ClInclude Include="textdata_ranking.h">
      <Filter>ヘッダー ファイル\00_System\00_Resources\Textdata</Filter>
    </ClInclude>
    <ClInclude Include="textdata_system.h">
      <Filter>ヘッダー ファイル\00_System\00_Resources\Textdata</Filter>
    </ClInclude>
    <ClInclude Include="title.h">
      <Filter>ヘッダー ファイル\01_Scene\00_Title</Filter>
    </ClInclude>
    <ClInclude Include="title_enter.h">
      <Filter>ヘッダー ファイル\01_Scene\00_Title</Filter>
    </ClInclude>
    <ClInclude Include="title_logo.h">
      <Filter>ヘッダー ファイル\01_Scene\00_Title</Filter>
    </ClInclude>
    <ClInclude Include="meshfield.h">
      <Filter>ヘッダー ファイル\02_Draw\3D</Filter>
    </ClInclude>
    <ClInclude Include="model.h">
      <Filter>ヘッダー ファイル\02_Draw\3D</Filter>
    </ClInclude>
    <ClInclude Include="sceneBillboard.h">
      <Filter>ヘッダー ファイル\02_Draw\3D</Filter>
    </ClInclude>
    <ClInclude Include="scene3D.h">
      <Filter>ヘッダー ファイル\02_Draw\3D</Filter>
    </ClInclude>
    <ClInclude Include="sceneX.h">
      <Filter>ヘッダー ファイル\02_Draw\3D</Filter>
    </ClInclude>
    <ClInclude Include="shadow.h">
      <Filter>ヘッダー ファイル\02_Draw\3D</Filter>
    </ClInclude>
    <ClInclude Include="number.h">
      <Filter>ヘッダー ファイル\02_Draw\2D</Filter>
    </ClInclude>
    <ClInclude Include="polygon.h">
      <Filter>ヘッダー ファイル\02_Draw\2D</Filter>
    </ClInclude>
    <ClInclude Include="scene2D.h">
      <Filter>ヘッダー ファイル\02_Draw\2D</Filter>
    </ClInclude>
    <ClInclude Include="scene.h">
      <Filter>ヘッダー ファイル\02_Draw</Filter>
    </ClInclude>
    <ClInclude Include="game.h">
      <Filter>ヘッダー ファイル\01_Scene\02_Game</Filter>
    </ClInclude>
    <ClInclude Include="player.h">
      <Filter>ヘッダー ファイル\01_Scene\02_Game</Filter>
    </ClInclude>
    <ClInclude Include="score.h">
      <Filter>ヘッダー ファイル\01_Scene\02_Game</Filter>
    </ClInclude>
    <ClInclude Include="pause.h">
      <Filter>ヘッダー ファイル\01_Scene\02_Game\Pause</Filter>
    </ClInclude>
    <ClInclude Include="pause_base.h">
      <Filter>ヘッダー ファイル\01_Scene\02_Game\Pause</Filter>
    </ClInclude>
    <ClInclude Include="pause_bg.h">
      <Filter>ヘッダー ファイル\01_Scene\02_Game\Pause</Filter>
    </ClInclude>
    <ClInclude Include="pause_select.h">
      <Filter>ヘッダー ファイル\01_Scene\02_Game\Pause</Filter>
    </ClInclude>
    <ClInclude Include="ranking.h">
      <Filter>ヘッダー ファイル\01_Scene\04_Ranking</Filter>
    </ClInclude>
    <ClInclude Include="ranking_logo.h">
      <Filter>ヘッダー ファイル\01_Scene\04_Ranking</Filter>
    </ClInclude>
    <ClInclude Include="ranking_rank.h">
      <Filter>ヘッダー ファイル\01_Scene\04_Ranking</Filter>
    </ClInclude>
    <ClInclude Include="ranking_score.h">
      <Filter>ヘッダー ファイル\01_Scene\04_Ranking</Filter>
    </ClInclude>
    <ClInclude Include="result.h">
      <Filter>ヘッダー ファイル\01_Scene\03_Result</Filter>
    </ClInclude>
    <ClInclude Include="result_logo.h">
      <Filter>ヘッダー ファイル\01_Scene\03_Result</Filter>
    </ClInclude>
    <ClInclude Include="result_score.h">
      <Filter>ヘッダー ファイル\01_Scene\03_Result</Filter>
    </ClInclude>
    <ClInclude Include="tutorial.h">
      <Filter>ヘッダー ファイル\01_Scene\01_Tutorial</Filter>
    </ClInclude>
    <ClInclude Include="tutorial_page.h">
      <Filter>ヘッダー ファイル\01_Scene\01_Tutorial</Filter>
    </ClInclude>
    <ClInclude Include="sound.h">
      <Filter>ヘッダー ファイル\00_System\00_Resources</Filter>
    </ClInclude>
    <ClInclude Include="texture.h">
      <Filter>ヘッダー ファイル\00_System\00_Resources</Filter>
    </ClInclude>
    <ClInclude Include="object.h">
      <Filter>ヘッダー ファイル\01_Scene\02_Game</Filter>
    </ClInclude>
    <ClInclude Include="textdata_texture.h">
      <Filter>ヘッダー ファイル\00_System\00_Resources\Textdata</Filter>
    </ClInclude>
    <ClInclude Include="gamepad.h">
      <Filter>ヘッダー ファイル\00_System\01_Control</Filter>
    </ClInclude>
    <ClInclude Include="input.h">
      <Filter>ヘッダー ファイル\00_System\01_Control</Filter>
    </ClInclude>
    <ClInclude Include="textdata_pause.h">
      <Filter>ヘッダー ファイル\00_System\00_Resources\Textdata</Filter>
    </ClInclude>
    <ClInclude Include="collision.h">
      <Filter>ヘッダー ファイル\02_Draw\3D</Filter>
    </ClInclude>
    <ClInclude Include="Terrain.h">
      <Filter>ヘッダー ファイル\02_Draw\3D</Filter>
    </ClInclude>
    <ClInclude Include="textdata_Terrain.h">
      <Filter>ヘッダー ファイル\00_System\00_Resources\Textdata</Filter>
    </ClInclude>
  </ItemGroup>
</Project>