<?xml version="1.0" encoding="utf-8"?>
<Project ToolsVersion="4.0" xmlns="http://schemas.microsoft.com/developer/msbuild/2003">
  <ItemGroup>
    <Filter Include="ソース ファイル">
      <UniqueIdentifier>{4FC737F1-C7A5-4376-A066-2A32D752A2FF}</UniqueIdentifier>
      <Extensions>cpp;c;cc;cxx;def;odl;idl;hpj;bat;asm;asmx</Extensions>
    </Filter>
    <Filter Include="ヘッダー ファイル">
      <UniqueIdentifier>{93995380-89BD-4b04-88EB-625FBE52EBFB}</UniqueIdentifier>
      <Extensions>h;hh;hpp;hxx;hm;inl;inc;xsd</Extensions>
    </Filter>
    <Filter Include="リソース ファイル">
      <UniqueIdentifier>{67DA6AB6-F800-4c08-8B7A-83BB121AAD01}</UniqueIdentifier>
      <Extensions>rc;ico;cur;bmp;dlg;rc2;rct;bin;rgs;gif;jpg;jpeg;jpe;resx;tiff;tif;png;wav;mfcribbon-ms</Extensions>
    </Filter>
    <Filter Include="ソース ファイル\00_System">
      <UniqueIdentifier>{5fd590d3-9659-44e2-98cc-9ddfab9902ce}</UniqueIdentifier>
    </Filter>
    <Filter Include="ソース ファイル\01_Scene">
      <UniqueIdentifier>{261d224d-de7c-4e1f-b9e9-ebdd79792826}</UniqueIdentifier>
    </Filter>
    <Filter Include="ソース ファイル\02_Draw">
      <UniqueIdentifier>{b2b2cbd6-2970-40c4-b57c-db6e9b6912bc}</UniqueIdentifier>
    </Filter>
    <Filter Include="ソース ファイル\00_System\00_Resource">
      <UniqueIdentifier>{b5cc08fd-d459-4e46-8610-f921134a719a}</UniqueIdentifier>
    </Filter>
    <Filter Include="ソース ファイル\00_System\01_Control">
      <UniqueIdentifier>{09e79e6b-dc4f-48ad-b121-9ef3d55961e4}</UniqueIdentifier>
    </Filter>
    <Filter Include="ソース ファイル\01_Scene\00_Title">
      <UniqueIdentifier>{8038235f-d55f-4c7b-8fb8-2b635b41fe29}</UniqueIdentifier>
    </Filter>
    <Filter Include="ソース ファイル\01_Scene\01_Select">
      <UniqueIdentifier>{a47eb73e-6ccf-4428-a382-ac28ea040800}</UniqueIdentifier>
    </Filter>
    <Filter Include="ソース ファイル\01_Scene\02_Game">
      <UniqueIdentifier>{7e1f8681-d46d-42e4-a161-29756421fa96}</UniqueIdentifier>
    </Filter>
    <Filter Include="ソース ファイル\01_Scene\03_Result">
      <UniqueIdentifier>{fae7bd08-462e-4f89-aa9b-8f42500faccb}</UniqueIdentifier>
    </Filter>
    <Filter Include="ソース ファイル\01_Scene\04_Ranking">
      <UniqueIdentifier>{6ac01004-019b-4688-9a01-5b96bd4714c1}</UniqueIdentifier>
    </Filter>
    <Filter Include="ソース ファイル\01_Scene\99_other">
      <UniqueIdentifier>{44504bf7-33a9-4f26-b989-fb4d1f594d51}</UniqueIdentifier>
    </Filter>
    <Filter Include="ソース ファイル\01_Scene\02_Game\00_Pause">
      <UniqueIdentifier>{b3524e4e-fc06-423b-8f06-7c0146b67552}</UniqueIdentifier>
    </Filter>
    <Filter Include="ソース ファイル\01_Scene\02_Game\01_UI">
      <UniqueIdentifier>{0005e3ca-f4a6-4a44-8b89-98adfb752be4}</UniqueIdentifier>
    </Filter>
    <Filter Include="ソース ファイル\01_Scene\02_Game\01_UI\00_Timer">
      <UniqueIdentifier>{f8b142fb-2304-413d-8aa5-b4a7d60ad9de}</UniqueIdentifier>
    </Filter>
    <Filter Include="ソース ファイル\01_Scene\02_Game\01_UI\01_Fall">
      <UniqueIdentifier>{6c71996a-b383-4d78-9746-107a7aa4e79e}</UniqueIdentifier>
    </Filter>
    <Filter Include="ソース ファイル\01_Scene\02_Game\01_UI\02_Bonus">
      <UniqueIdentifier>{086184ff-a44e-42e5-ac9c-f5d3a8cae9af}</UniqueIdentifier>
    </Filter>
    <Filter Include="ソース ファイル\01_Scene\02_Game\01_UI\99_other">
      <UniqueIdentifier>{e5bd299f-ccb9-4ed1-8f1f-56c720147c79}</UniqueIdentifier>
    </Filter>
    <Filter Include="ソース ファイル\02_Draw\2D">
      <UniqueIdentifier>{828961fd-5c9d-468f-b247-2b0b581dd2c1}</UniqueIdentifier>
    </Filter>
    <Filter Include="ソース ファイル\02_Draw\3D">
      <UniqueIdentifier>{ff62f59e-15dc-418f-8d6d-322f8c4a3aaf}</UniqueIdentifier>
    </Filter>
    <Filter Include="ソース ファイル\02_Draw\3D\motion">
      <UniqueIdentifier>{e3307125-18de-4cef-95c5-04d513659168}</UniqueIdentifier>
    </Filter>
    <Filter Include="ヘッダー ファイル\00_System">
      <UniqueIdentifier>{239df849-ec38-4332-8096-971668abad76}</UniqueIdentifier>
    </Filter>
    <Filter Include="ヘッダー ファイル\00_System\00_Resource">
      <UniqueIdentifier>{2fa2d041-ee2c-40f6-a035-672636d183ce}</UniqueIdentifier>
    </Filter>
    <Filter Include="ヘッダー ファイル\01_Scene">
      <UniqueIdentifier>{9ed32cbd-deb7-461a-b7bf-5f36600ddc46}</UniqueIdentifier>
    </Filter>
    <Filter Include="ヘッダー ファイル\02_Draw">
      <UniqueIdentifier>{cad4b250-2e61-4eb6-b3fe-4edd5381c3fe}</UniqueIdentifier>
    </Filter>
    <Filter Include="ヘッダー ファイル\00_System\01_Control">
      <UniqueIdentifier>{26d46c0a-effe-4a5a-8eb3-ce29ce4c6768}</UniqueIdentifier>
    </Filter>
    <Filter Include="ヘッダー ファイル\01_Scene\00_Title">
      <UniqueIdentifier>{45b2eec1-2561-4ffb-8375-80c2b26d137c}</UniqueIdentifier>
    </Filter>
    <Filter Include="ヘッダー ファイル\01_Scene\01_Select">
      <UniqueIdentifier>{f2f1f3bd-d69d-46ec-8bc3-9e0122a38813}</UniqueIdentifier>
    </Filter>
    <Filter Include="ヘッダー ファイル\01_Scene\02_Game">
      <UniqueIdentifier>{7191c4fa-4d59-49c6-8ddb-da25fa2c7485}</UniqueIdentifier>
    </Filter>
    <Filter Include="ヘッダー ファイル\01_Scene\03_Result">
      <UniqueIdentifier>{7189100f-39cc-45f3-aee2-d57fa76dc26f}</UniqueIdentifier>
    </Filter>
    <Filter Include="ヘッダー ファイル\01_Scene\04_Ranking">
      <UniqueIdentifier>{c584c35d-49bd-4780-bb24-b2cbc8258de6}</UniqueIdentifier>
    </Filter>
    <Filter Include="ヘッダー ファイル\01_Scene\99_other">
      <UniqueIdentifier>{fe9743b1-5bbe-47a5-9917-d383694d6492}</UniqueIdentifier>
    </Filter>
    <Filter Include="ヘッダー ファイル\02_Draw\2D">
      <UniqueIdentifier>{ce637bb4-5b90-45cd-998e-5659e450f5e3}</UniqueIdentifier>
    </Filter>
    <Filter Include="ヘッダー ファイル\02_Draw\3D">
      <UniqueIdentifier>{32ccfb7b-5cec-4a31-b3b5-162ac9c02c94}</UniqueIdentifier>
    </Filter>
    <Filter Include="ヘッダー ファイル\01_Scene\02_Game\00_Pause">
      <UniqueIdentifier>{33f58a16-f80f-4e69-9926-4f8c449a56b2}</UniqueIdentifier>
    </Filter>
    <Filter Include="ヘッダー ファイル\01_Scene\02_Game\01_UI">
      <UniqueIdentifier>{9b48b6f7-8459-4544-a068-4d83d09f3ab0}</UniqueIdentifier>
    </Filter>
    <Filter Include="ヘッダー ファイル\01_Scene\02_Game\01_UI\00_Timer">
      <UniqueIdentifier>{e974a615-61ff-4d1f-a610-3219adbbb365}</UniqueIdentifier>
    </Filter>
    <Filter Include="ヘッダー ファイル\01_Scene\02_Game\01_UI\01_Fall">
      <UniqueIdentifier>{e6b644c6-0b92-49b6-8d58-4bd720ce6b11}</UniqueIdentifier>
    </Filter>
    <Filter Include="ヘッダー ファイル\01_Scene\02_Game\01_UI\02_Bonus">
      <UniqueIdentifier>{9050e752-af13-470b-8d37-810352947930}</UniqueIdentifier>
    </Filter>
    <Filter Include="ヘッダー ファイル\01_Scene\02_Game\01_UI\99_other">
      <UniqueIdentifier>{d20a76a1-5c1a-471a-a4af-6141e1f25ffa}</UniqueIdentifier>
    </Filter>
    <Filter Include="ソース ファイル\00_System\99_other">
      <UniqueIdentifier>{32c476a8-aa9f-41cd-b73c-0fb429f3e464}</UniqueIdentifier>
    </Filter>
    <Filter Include="ヘッダー ファイル\00_System\99_other">
      <UniqueIdentifier>{53e820b0-5db6-4927-9a17-8bead22d0521}</UniqueIdentifier>
    </Filter>
    <Filter Include="ヘッダー ファイル\00_System\00_Resource\textdata">
      <UniqueIdentifier>{c247aeef-10a7-446a-af9f-65c66df52e81}</UniqueIdentifier>
    </Filter>
    <Filter Include="ソース ファイル\00_System\00_Resource\textdata">
      <UniqueIdentifier>{1e85f2aa-81ab-463c-8007-4780353bacc4}</UniqueIdentifier>
    </Filter>
  </ItemGroup>
  <ItemGroup>
    <ClCompile Include="bonus.cpp">
      <Filter>ソース ファイル\01_Scene\02_Game\01_UI\02_Bonus</Filter>
    </ClCompile>
    <ClCompile Include="bonus_count.cpp">
      <Filter>ソース ファイル\01_Scene\02_Game\01_UI\02_Bonus</Filter>
    </ClCompile>
    <ClCompile Include="bonus_logo.cpp">
      <Filter>ソース ファイル\01_Scene\02_Game\01_UI\02_Bonus</Filter>
    </ClCompile>
    <ClCompile Include="checkpoint_logo.cpp">
      <Filter>ソース ファイル\01_Scene\02_Game\01_UI\99_other</Filter>
    </ClCompile>
    <ClCompile Include="effect.cpp">
      <Filter>ソース ファイル\02_Draw\3D</Filter>
    </ClCompile>
    <ClCompile Include="fall.cpp">
      <Filter>ソース ファイル\01_Scene\02_Game\01_UI\01_Fall</Filter>
    </ClCompile>
    <ClCompile Include="fall_count.cpp">
      <Filter>ソース ファイル\01_Scene\02_Game\01_UI\01_Fall</Filter>
    </ClCompile>
    <ClCompile Include="fall_logo.cpp">
      <Filter>ソース ファイル\01_Scene\02_Game\01_UI\01_Fall</Filter>
    </ClCompile>
    <ClCompile Include="game.cpp">
      <Filter>ソース ファイル\01_Scene\02_Game</Filter>
    </ClCompile>
    <ClCompile Include="collision.cpp">
      <Filter>ソース ファイル\02_Draw\3D</Filter>
    </ClCompile>
    <ClCompile Include="gamepad.cpp">
      <Filter>ソース ファイル\00_System\01_Control</Filter>
    </ClCompile>
    <ClCompile Include="input.cpp">
      <Filter>ソース ファイル\00_System\01_Control</Filter>
    </ClCompile>
    <ClCompile Include="ranking.cpp">
      <Filter>ソース ファイル\01_Scene\04_Ranking</Filter>
    </ClCompile>
    <ClCompile Include="ranking_logo.cpp">
      <Filter>ソース ファイル\01_Scene\04_Ranking</Filter>
    </ClCompile>
    <ClCompile Include="ranking_rank.cpp">
      <Filter>ソース ファイル\01_Scene\04_Ranking</Filter>
    </ClCompile>
    <ClCompile Include="ranking_score.cpp">
      <Filter>ソース ファイル\01_Scene\04_Ranking</Filter>
    </ClCompile>
    <ClCompile Include="ranking_select.cpp">
      <Filter>ソース ファイル\01_Scene\04_Ranking</Filter>
    </ClCompile>
    <ClCompile Include="pause.cpp">
      <Filter>ソース ファイル\01_Scene\02_Game\00_Pause</Filter>
    </ClCompile>
    <ClCompile Include="pause_base.cpp">
      <Filter>ソース ファイル\01_Scene\02_Game\00_Pause</Filter>
    </ClCompile>
    <ClCompile Include="pause_bg.cpp">
      <Filter>ソース ファイル\01_Scene\02_Game\00_Pause</Filter>
    </ClCompile>
    <ClCompile Include="pause_select.cpp">
      <Filter>ソース ファイル\01_Scene\02_Game\00_Pause</Filter>
    </ClCompile>
    <ClCompile Include="scene2D.cpp">
      <Filter>ソース ファイル\02_Draw\2D</Filter>
    </ClCompile>
    <ClCompile Include="sound.cpp">
      <Filter>ソース ファイル\00_System\00_Resource</Filter>
    </ClCompile>
    <ClCompile Include="result.cpp">
      <Filter>ソース ファイル\01_Scene\03_Result</Filter>
    </ClCompile>
    <ClCompile Include="result_bonuscount.cpp">
      <Filter>ソース ファイル\01_Scene\03_Result</Filter>
    </ClCompile>
    <ClCompile Include="result_fallcount.cpp">
      <Filter>ソース ファイル\01_Scene\03_Result</Filter>
    </ClCompile>
    <ClCompile Include="result_picture.cpp">
      <Filter>ソース ファイル\01_Scene\03_Result</Filter>
    </ClCompile>
    <ClCompile Include="result_score.cpp">
      <Filter>ソース ファイル\01_Scene\03_Result</Filter>
    </ClCompile>
    <ClCompile Include="result_score_extra.cpp">
      <Filter>ソース ファイル\01_Scene\03_Result</Filter>
    </ClCompile>
    <ClCompile Include="result_timer.cpp">
      <Filter>ソース ファイル\01_Scene\03_Result</Filter>
    </ClCompile>
    <ClCompile Include="model.cpp">
      <Filter>ソース ファイル\02_Draw\3D</Filter>
    </ClCompile>
    <ClCompile Include="motion_player.cpp">
      <Filter>ソース ファイル\02_Draw\3D\motion</Filter>
    </ClCompile>
    <ClCompile Include="motion.cpp">
      <Filter>ソース ファイル\02_Draw\3D\motion</Filter>
    </ClCompile>
    <ClCompile Include="polygon.cpp">
      <Filter>ソース ファイル\02_Draw\2D</Filter>
    </ClCompile>
    <ClCompile Include="fog.cpp">
      <Filter>ソース ファイル\01_Scene\02_Game</Filter>
    </ClCompile>
    <ClCompile Include="mode.cpp">
      <Filter>ソース ファイル\01_Scene\99_other</Filter>
    </ClCompile>
    <ClCompile Include="timer.cpp">
      <Filter>ソース ファイル\01_Scene\02_Game\01_UI\00_Timer</Filter>
    </ClCompile>
    <ClCompile Include="timer_count.cpp">
      <Filter>ソース ファイル\01_Scene\02_Game\01_UI\00_Timer</Filter>
    </ClCompile>
    <ClCompile Include="timer_logo.cpp">
      <Filter>ソース ファイル\01_Scene\02_Game\01_UI\00_Timer</Filter>
    </ClCompile>
    <ClCompile Include="meshfield.cpp">
      <Filter>ソース ファイル\02_Draw\3D</Filter>
    </ClCompile>
    <ClCompile Include="number.cpp">
      <Filter>ソース ファイル\02_Draw\2D</Filter>
    </ClCompile>
    <ClCompile Include="player.cpp">
      <Filter>ソース ファイル\01_Scene\02_Game</Filter>
    </ClCompile>
    <ClCompile Include="scene3D.cpp">
      <Filter>ソース ファイル\02_Draw\3D</Filter>
    </ClCompile>
    <ClCompile Include="gamesetlogo.cpp">
      <Filter>ソース ファイル\01_Scene\02_Game\01_UI\99_other</Filter>
    </ClCompile>
    <ClCompile Include="ui.cpp">
      <Filter>ソース ファイル\01_Scene\02_Game\01_UI\99_other</Filter>
    </ClCompile>
    <ClCompile Include="ui_base.cpp">
      <Filter>ソース ファイル\01_Scene\02_Game\01_UI\99_other</Filter>
    </ClCompile>
    <ClCompile Include="scene.cpp">
      <Filter>ソース ファイル\02_Draw</Filter>
    </ClCompile>
    <ClCompile Include="sceneBillboard.cpp">
      <Filter>ソース ファイル\02_Draw\3D</Filter>
    </ClCompile>
    <ClCompile Include="sceneX.cpp">
      <Filter>ソース ファイル\02_Draw\3D</Filter>
    </ClCompile>
    <ClCompile Include="select.cpp">
      <Filter>ソース ファイル\01_Scene\01_Select</Filter>
    </ClCompile>
    <ClCompile Include="title.cpp">
      <Filter>ソース ファイル\01_Scene\00_Title</Filter>
    </ClCompile>
    <ClCompile Include="title_enter.cpp">
      <Filter>ソース ファイル\01_Scene\00_Title</Filter>
    </ClCompile>
    <ClCompile Include="title_logo.cpp">
      <Filter>ソース ファイル\01_Scene\00_Title</Filter>
    </ClCompile>
    <ClCompile Include="title_runningman.cpp">
      <Filter>ソース ファイル\01_Scene\00_Title</Filter>
    </ClCompile>
    <ClCompile Include="shadow.cpp">
      <Filter>ソース ファイル\02_Draw\3D</Filter>
    </ClCompile>
    <ClCompile Include="shadowS.cpp">
      <Filter>ソース ファイル\02_Draw\3D</Filter>
    </ClCompile>
    <ClCompile Include="start_cntdown.cpp">
      <Filter>ソース ファイル\01_Scene\02_Game\01_UI\99_other</Filter>
    </ClCompile>
    <ClCompile Include="Terrain.cpp">
      <Filter>ソース ファイル\02_Draw\3D</Filter>
    </ClCompile>
    <ClCompile Include="texture.cpp">
      <Filter>ソース ファイル\00_System\00_Resource</Filter>
    </ClCompile>
    <ClCompile Include="textdata.cpp">
      <Filter>ソース ファイル\00_System\00_Resource\textdata</Filter>
    </ClCompile>
    <ClCompile Include="textdata_meshfield.cpp">
      <Filter>ソース ファイル\00_System\00_Resource\textdata</Filter>
    </ClCompile>
    <ClCompile Include="textdata_object.cpp">
      <Filter>ソース ファイル\00_System\00_Resource\textdata</Filter>
    </ClCompile>
    <ClCompile Include="textdata_pause.cpp">
      <Filter>ソース ファイル\00_System\00_Resource\textdata</Filter>
    </ClCompile>
    <ClCompile Include="textdata_player.cpp">
      <Filter>ソース ファイル\00_System\00_Resource\textdata</Filter>
    </ClCompile>
    <ClCompile Include="textdata_ranking.cpp">
      <Filter>ソース ファイル\00_System\00_Resource\textdata</Filter>
    </ClCompile>
    <ClCompile Include="textdata_rankingselect.cpp">
      <Filter>ソース ファイル\00_System\00_Resource\textdata</Filter>
    </ClCompile>
    <ClCompile Include="textdata_terrain.cpp">
      <Filter>ソース ファイル\00_System\00_Resource\textdata</Filter>
    </ClCompile>
    <ClCompile Include="textdata_texture.cpp">
      <Filter>ソース ファイル\00_System\00_Resource\textdata</Filter>
    </ClCompile>
    <ClCompile Include="score.cpp">
      <Filter>ソース ファイル\01_Scene\02_Game\01_UI\99_other</Filter>
    </ClCompile>
    <ClCompile Include="bg.cpp">
      <Filter>ソース ファイル\00_System\99_other</Filter>
    </ClCompile>
    <ClCompile Include="camera.cpp">
      <Filter>ソース ファイル\00_System\99_other</Filter>
    </ClCompile>
    <ClCompile Include="debugproc.cpp">
      <Filter>ソース ファイル\00_System\99_other</Filter>
    </ClCompile>
    <ClCompile Include="fade.cpp">
      <Filter>ソース ファイル\00_System\99_other</Filter>
    </ClCompile>
    <ClCompile Include="light.cpp">
      <Filter>ソース ファイル\00_System\99_other</Filter>
    </ClCompile>
    <ClCompile Include="main.cpp">
      <Filter>ソース ファイル\00_System\99_other</Filter>
    </ClCompile>
    <ClCompile Include="manager.cpp">
      <Filter>ソース ファイル\00_System\99_other</Filter>
    </ClCompile>
    <ClCompile Include="renderer.cpp">
      <Filter>ソース ファイル\00_System\99_other</Filter>
    </ClCompile>
    <ClCompile Include="object.cpp">
      <Filter>ソース ファイル\01_Scene\02_Game</Filter>
    </ClCompile>
    <ClCompile Include="timeralert_logo.cpp">
      <Filter>ソース ファイル\01_Scene\02_Game\01_UI\99_other</Filter>
    </ClCompile>
  </ItemGroup>
  <ItemGroup>
    <ClInclude Include="collision.h">
      <Filter>ヘッダー ファイル\02_Draw\3D</Filter>
    </ClInclude>
    <ClInclude Include="effect.h">
      <Filter>ヘッダー ファイル\02_Draw\3D</Filter>
    </ClInclude>
    <ClInclude Include="fog.h">
      <Filter>ヘッダー ファイル\01_Scene\02_Game</Filter>
    </ClInclude>
    <ClInclude Include="game.h">
      <Filter>ヘッダー ファイル\01_Scene\02_Game</Filter>
    </ClInclude>
    <ClInclude Include="gamepad.h">
      <Filter>ヘッダー ファイル\00_System\01_Control</Filter>
    </ClInclude>
    <ClInclude Include="input.h">
      <Filter>ヘッダー ファイル\00_System\01_Control</Filter>
    </ClInclude>
    <ClInclude Include="meshfield.h">
      <Filter>ヘッダー ファイル\02_Draw\3D</Filter>
    </ClInclude>
    <ClInclude Include="model.h">
      <Filter>ヘッダー ファイル\02_Draw\3D</Filter>
    </ClInclude>
    <ClInclude Include="mode.h">
      <Filter>ヘッダー ファイル\01_Scene\99_other</Filter>
    </ClInclude>
    <ClInclude Include="object.h">
      <Filter>ヘッダー ファイル\01_Scene\02_Game</Filter>
    </ClInclude>
    <ClInclude Include="ranking.h">
      <Filter>ヘッダー ファイル\01_Scene\04_Ranking</Filter>
    </ClInclude>
    <ClInclude Include="ranking_logo.h">
      <Filter>ヘッダー ファイル\01_Scene\04_Ranking</Filter>
    </ClInclude>
    <ClInclude Include="ranking_rank.h">
      <Filter>ヘッダー ファイル\01_Scene\04_Ranking</Filter>
    </ClInclude>
    <ClInclude Include="ranking_score.h">
      <Filter>ヘッダー ファイル\01_Scene\04_Ranking</Filter>
    </ClInclude>
    <ClInclude Include="ranking_select.h">
      <Filter>ヘッダー ファイル\01_Scene\04_Ranking</Filter>
    </ClInclude>
    <ClInclude Include="scene2D.h">
      <Filter>ヘッダー ファイル\02_Draw\2D</Filter>
    </ClInclude>
    <ClInclude Include="scene3D.h">
      <Filter>ヘッダー ファイル\02_Draw\3D</Filter>
    </ClInclude>
    <ClInclude Include="scene.h">
      <Filter>ヘッダー ファイル\02_Draw</Filter>
    </ClInclude>
    <ClInclude Include="result.h">
      <Filter>ヘッダー ファイル\01_Scene\03_Result</Filter>
    </ClInclude>
    <ClInclude Include="result_bonuscount.h">
      <Filter>ヘッダー ファイル\01_Scene\03_Result</Filter>
    </ClInclude>
    <ClInclude Include="result_fallcount.h">
      <Filter>ヘッダー ファイル\01_Scene\03_Result</Filter>
    </ClInclude>
    <ClInclude Include="result_picture.h">
      <Filter>ヘッダー ファイル\01_Scene\03_Result</Filter>
    </ClInclude>
    <ClInclude Include="result_score.h">
      <Filter>ヘッダー ファイル\01_Scene\03_Result</Filter>
    </ClInclude>
    <ClInclude Include="result_score_extra.h">
      <Filter>ヘッダー ファイル\01_Scene\03_Result</Filter>
    </ClInclude>
    <ClInclude Include="result_timer.h">
      <Filter>ヘッダー ファイル\01_Scene\03_Result</Filter>
    </ClInclude>
    <ClInclude Include="motion.h">
      <Filter>ヘッダー ファイル\02_Draw\3D</Filter>
    </ClInclude>
    <ClInclude Include="motion_player.h">
      <Filter>ヘッダー ファイル\02_Draw\3D</Filter>
    </ClInclude>
    <ClInclude Include="number.h">
      <Filter>ヘッダー ファイル\02_Draw\2D</Filter>
    </ClInclude>
    <ClInclude Include="polygon.h">
      <Filter>ヘッダー ファイル\02_Draw\2D</Filter>
    </ClInclude>
    <ClInclude Include="sceneBillboard.h">
      <Filter>ヘッダー ファイル\02_Draw\3D</Filter>
    </ClInclude>
    <ClInclude Include="sceneX.h">
      <Filter>ヘッダー ファイル\02_Draw\3D</Filter>
    </ClInclude>
    <ClInclude Include="player.h">
      <Filter>ヘッダー ファイル\01_Scene\02_Game</Filter>
    </ClInclude>
    <ClInclude Include="texture.h">
      <Filter>ヘッダー ファイル\00_System\00_Resource</Filter>
    </ClInclude>
    <ClInclude Include="Terrain.h">
      <Filter>ヘッダー ファイル\02_Draw\3D</Filter>
    </ClInclude>
    <ClInclude Include="sound.h">
      <Filter>ヘッダー ファイル\00_System\00_Resource</Filter>
    </ClInclude>
    <ClInclude Include="title.h">
      <Filter>ヘッダー ファイル\01_Scene\00_Title</Filter>
    </ClInclude>
    <ClInclude Include="title_enter.h">
      <Filter>ヘッダー ファイル\01_Scene\00_Title</Filter>
    </ClInclude>
    <ClInclude Include="title_logo.h">
      <Filter>ヘッダー ファイル\01_Scene\00_Title</Filter>
    </ClInclude>
    <ClInclude Include="title_runningman.h">
      <Filter>ヘッダー ファイル\01_Scene\00_Title</Filter>
    </ClInclude>
    <ClInclude Include="select.h">
      <Filter>ヘッダー ファイル\01_Scene\01_Select</Filter>
    </ClInclude>
    <ClInclude Include="shadow.h">
      <Filter>ヘッダー ファイル\02_Draw\3D</Filter>
    </ClInclude>
    <ClInclude Include="shadowS.h">
      <Filter>ヘッダー ファイル\02_Draw\3D</Filter>
    </ClInclude>
    <ClInclude Include="pause.h">
      <Filter>ヘッダー ファイル\01_Scene\02_Game\00_Pause</Filter>
    </ClInclude>
    <ClInclude Include="pause_base.h">
      <Filter>ヘッダー ファイル\01_Scene\02_Game\00_Pause</Filter>
    </ClInclude>
    <ClInclude Include="pause_bg.h">
      <Filter>ヘッダー ファイル\01_Scene\02_Game\00_Pause</Filter>
    </ClInclude>
    <ClInclude Include="pause_select.h">
      <Filter>ヘッダー ファイル\01_Scene\02_Game\00_Pause</Filter>
    </ClInclude>
    <ClInclude Include="bonus.h">
      <Filter>ヘッダー ファイル\01_Scene\02_Game\01_UI\02_Bonus</Filter>
    </ClInclude>
    <ClInclude Include="bonus_count.h">
      <Filter>ヘッダー ファイル\01_Scene\02_Game\01_UI\02_Bonus</Filter>
    </ClInclude>
    <ClInclude Include="bonus_logo.h">
      <Filter>ヘッダー ファイル\01_Scene\02_Game\01_UI\02_Bonus</Filter>
    </ClInclude>
    <ClInclude Include="checkpoint_logo.h">
      <Filter>ヘッダー ファイル\01_Scene\02_Game\01_UI\99_other</Filter>
    </ClInclude>
    <ClInclude Include="fall.h">
      <Filter>ヘッダー ファイル\01_Scene\02_Game\01_UI\01_Fall</Filter>
    </ClInclude>
    <ClInclude Include="fall_count.h">
      <Filter>ヘッダー ファイル\01_Scene\02_Game\01_UI\01_Fall</Filter>
    </ClInclude>
    <ClInclude Include="fall_logo.h">
      <Filter>ヘッダー ファイル\01_Scene\02_Game\01_UI\01_Fall</Filter>
    </ClInclude>
    <ClInclude Include="gamesetlogo.h">
      <Filter>ヘッダー ファイル\01_Scene\02_Game\01_UI\99_other</Filter>
    </ClInclude>
    <ClInclude Include="score.h">
      <Filter>ヘッダー ファイル\01_Scene\02_Game\01_UI\99_other</Filter>
    </ClInclude>
    <ClInclude Include="start_cntdown.h">
      <Filter>ヘッダー ファイル\01_Scene\02_Game\01_UI\99_other</Filter>
    </ClInclude>
    <ClInclude Include="timer.h">
      <Filter>ヘッダー ファイル\01_Scene\02_Game\01_UI\00_Timer</Filter>
    </ClInclude>
    <ClInclude Include="timer_count.h">
      <Filter>ヘッダー ファイル\01_Scene\02_Game\01_UI\00_Timer</Filter>
    </ClInclude>
    <ClInclude Include="timer_logo.h">
      <Filter>ヘッダー ファイル\01_Scene\02_Game\01_UI\00_Timer</Filter>
    </ClInclude>
    <ClInclude Include="ui.h">
      <Filter>ヘッダー ファイル\01_Scene\02_Game\01_UI\99_other</Filter>
    </ClInclude>
    <ClInclude Include="ui_base.h">
      <Filter>ヘッダー ファイル\01_Scene\02_Game\01_UI\99_other</Filter>
    </ClInclude>
    <ClInclude Include="bg.h">
      <Filter>ヘッダー ファイル\00_System\99_other</Filter>
    </ClInclude>
    <ClInclude Include="camera.h">
      <Filter>ヘッダー ファイル\00_System\99_other</Filter>
    </ClInclude>
    <ClInclude Include="debugproc.h">
      <Filter>ヘッダー ファイル\00_System\99_other</Filter>
    </ClInclude>
    <ClInclude Include="fade.h">
      <Filter>ヘッダー ファイル\00_System\99_other</Filter>
    </ClInclude>
    <ClInclude Include="light.h">
      <Filter>ヘッダー ファイル\00_System\99_other</Filter>
    </ClInclude>
    <ClInclude Include="main.h">
      <Filter>ヘッダー ファイル\00_System\99_other</Filter>
    </ClInclude>
    <ClInclude Include="manager.h">
      <Filter>ヘッダー ファイル\00_System\99_other</Filter>
    </ClInclude>
    <ClInclude Include="renderer.h">
      <Filter>ヘッダー ファイル\00_System\99_other</Filter>
    </ClInclude>
    <ClInclude Include="timeralert_logo.h">
      <Filter>ヘッダー ファイル\01_Scene\02_Game\01_UI\99_other</Filter>
    </ClInclude>
    <ClInclude Include="textdata.h">
      <Filter>ヘッダー ファイル\00_System\00_Resource\textdata</Filter>
    </ClInclude>
    <ClInclude Include="textdata_meshfield.h">
      <Filter>ヘッダー ファイル\00_System\00_Resource\textdata</Filter>
    </ClInclude>
    <ClInclude Include="textdata_object.h">
      <Filter>ヘッダー ファイル\00_System\00_Resource\textdata</Filter>
    </ClInclude>
    <ClInclude Include="textdata_pause.h">
      <Filter>ヘッダー ファイル\00_System\00_Resource\textdata</Filter>
    </ClInclude>
    <ClInclude Include="textdata_player.h">
      <Filter>ヘッダー ファイル\00_System\00_Resource\textdata</Filter>
    </ClInclude>
    <ClInclude Include="textdata_ranking.h">
      <Filter>ヘッダー ファイル\00_System\00_Resource\textdata</Filter>
    </ClInclude>
    <ClInclude Include="textdata_rankingselect.h">
      <Filter>ヘッダー ファイル\00_System\00_Resource\textdata</Filter>
    </ClInclude>
    <ClInclude Include="textdata_Terrain.h">
      <Filter>ヘッダー ファイル\00_System\00_Resource\textdata</Filter>
    </ClInclude>
    <ClInclude Include="textdata_texture.h">
      <Filter>ヘッダー ファイル\00_System\00_Resource\textdata</Filter>
    </ClInclude>
  </ItemGroup>
</Project>