<?xml version="1.0" encoding="utf-8"?>
<Project ToolsVersion="4.0" xmlns="http://schemas.microsoft.com/developer/msbuild/2003">
  <ItemGroup>
    <Filter Include="ソース ファイル">
      <UniqueIdentifier>{4FC737F1-C7A5-4376-A066-2A32D752A2FF}</UniqueIdentifier>
      <Extensions>cpp;c;cc;cxx;def;odl;idl;hpj;bat;asm;asmx</Extensions>
    </Filter>
    <Filter Include="ヘッダー ファイル">
      <UniqueIdentifier>{93995380-89BD-4b04-88EB-625FBE52EBFB}</UniqueIdentifier>
      <Extensions>h;hh;hpp;hxx;hm;inl;inc;xsd</Extensions>
    </Filter>
    <Filter Include="リソース ファイル">
      <UniqueIdentifier>{67DA6AB6-F800-4c08-8B7A-83BB121AAD01}</UniqueIdentifier>
      <Extensions>rc;ico;cur;bmp;dlg;rc2;rct;bin;rgs;gif;jpg;jpeg;jpe;resx;tiff;tif;png;wav;mfcribbon-ms</Extensions>
    </Filter>
    <Filter Include="ヘッダー ファイル\00_System">
      <UniqueIdentifier>{97c8e7b3-81b4-4691-978e-2725501b1ca0}</UniqueIdentifier>
    </Filter>
    <Filter Include="ヘッダー ファイル\00_System\resources">
      <UniqueIdentifier>{284ad09f-843e-4f79-a11d-b8e26bee6af2}</UniqueIdentifier>
    </Filter>
    <Filter Include="ヘッダー ファイル\00_System\resources\textdata">
      <UniqueIdentifier>{5c8469d9-bfbd-40a2-80fe-552d8d8562c6}</UniqueIdentifier>
    </Filter>
    <Filter Include="ヘッダー ファイル\01_Scene">
      <UniqueIdentifier>{baa5a118-b409-4b28-ad4e-a50fbce8e568}</UniqueIdentifier>
    </Filter>
    <Filter Include="ヘッダー ファイル\01_Scene\game">
      <UniqueIdentifier>{8d62a380-7a68-4c55-bd23-4af5378cf083}</UniqueIdentifier>
    </Filter>
    <Filter Include="ヘッダー ファイル\01_Scene\game\pause">
      <UniqueIdentifier>{59c2ea21-8a5a-4494-8926-7a82d16695a9}</UniqueIdentifier>
    </Filter>
    <Filter Include="ヘッダー ファイル\01_Scene\ranking">
      <UniqueIdentifier>{e9b0ea32-dd7d-49dc-b44f-df34bacc4c0f}</UniqueIdentifier>
    </Filter>
    <Filter Include="ヘッダー ファイル\01_Scene\result">
      <UniqueIdentifier>{06b03a09-e88e-4811-ba81-c8a19d751582}</UniqueIdentifier>
    </Filter>
    <Filter Include="ヘッダー ファイル\01_Scene\tutorial">
      <UniqueIdentifier>{b984e73f-5538-489f-a825-fd1fcfddbb66}</UniqueIdentifier>
    </Filter>
    <Filter Include="ヘッダー ファイル\01_Scene\title">
      <UniqueIdentifier>{f2a9c03c-0023-416e-a16b-7b726a0c74ee}</UniqueIdentifier>
    </Filter>
    <Filter Include="ヘッダー ファイル\02_Draw">
      <UniqueIdentifier>{085fbd94-a9dd-4a01-b1b2-f49671668371}</UniqueIdentifier>
    </Filter>
    <Filter Include="ヘッダー ファイル\02_Draw\2D">
      <UniqueIdentifier>{4e77baab-1ea2-4f25-87e7-e308459929f2}</UniqueIdentifier>
    </Filter>
    <Filter Include="ヘッダー ファイル\02_Draw\3D">
      <UniqueIdentifier>{a31c77c0-06f5-4677-9c75-574389cb7060}</UniqueIdentifier>
    </Filter>
    <Filter Include="ソース ファイル\00_System">
      <UniqueIdentifier>{3a205170-431c-40c0-8b47-0cec57c8b668}</UniqueIdentifier>
    </Filter>
    <Filter Include="ソース ファイル\00_System\resources">
      <UniqueIdentifier>{4a9fcf9e-6421-4156-93dd-03d3c6b4ecfa}</UniqueIdentifier>
    </Filter>
    <Filter Include="ソース ファイル\00_System\resources\textdata">
      <UniqueIdentifier>{1201e75e-da22-433d-85a5-31d570704011}</UniqueIdentifier>
    </Filter>
    <Filter Include="ソース ファイル\01_Scene">
      <UniqueIdentifier>{0d054017-239c-45a8-a7c9-8e6953acaa83}</UniqueIdentifier>
    </Filter>
    <Filter Include="ソース ファイル\02_Draw">
      <UniqueIdentifier>{4e216374-292a-4488-8857-ee711efa9d07}</UniqueIdentifier>
    </Filter>
    <Filter Include="ソース ファイル\02_Draw\3D">
      <UniqueIdentifier>{74171883-9efc-4d5a-bc11-b8d0084c2590}</UniqueIdentifier>
    </Filter>
    <Filter Include="ソース ファイル\02_Draw\2D">
      <UniqueIdentifier>{f66ddc8d-eb4c-459b-b413-6892d53296d1}</UniqueIdentifier>
    </Filter>
    <Filter Include="ソース ファイル\01_Scene\game">
      <UniqueIdentifier>{39686225-2f9a-442d-b6e0-1b86e944d4d0}</UniqueIdentifier>
    </Filter>
    <Filter Include="ソース ファイル\01_Scene\title">
      <UniqueIdentifier>{c2860852-6eac-463b-a83f-36e13b786eaa}</UniqueIdentifier>
    </Filter>
    <Filter Include="ソース ファイル\01_Scene\tutorial">
      <UniqueIdentifier>{e45b475a-029c-471e-8e67-aef6722f36d1}</UniqueIdentifier>
    </Filter>
    <Filter Include="ソース ファイル\01_Scene\ranking">
      <UniqueIdentifier>{405b1de3-bcc7-4f78-93fc-2f3a75e33cb9}</UniqueIdentifier>
    </Filter>
    <Filter Include="ソース ファイル\01_Scene\result">
      <UniqueIdentifier>{c6b48bb2-6e59-498f-bec0-788b56f614f6}</UniqueIdentifier>
    </Filter>
    <Filter Include="ソース ファイル\01_Scene\game\pause">
      <UniqueIdentifier>{38069a54-cf3f-4069-9224-bacd5748dac4}</UniqueIdentifier>
    </Filter>
  </ItemGroup>
  <ItemGroup>
    <ClCompile Include="pause.cpp">
      <Filter>ソース ファイル\01_Scene\game\pause</Filter>
    </ClCompile>
    <ClCompile Include="pause_base.cpp">
      <Filter>ソース ファイル\01_Scene\game\pause</Filter>
    </ClCompile>
    <ClCompile Include="pause_bg.cpp">
      <Filter>ソース ファイル\01_Scene\game\pause</Filter>
    </ClCompile>
    <ClCompile Include="pause_select.cpp">
      <Filter>ソース ファイル\01_Scene\game\pause</Filter>
    </ClCompile>
    <ClCompile Include="camera.cpp">
      <Filter>ソース ファイル\00_System</Filter>
    </ClCompile>
    <ClCompile Include="debugproc.cpp">
      <Filter>ソース ファイル\00_System</Filter>
    </ClCompile>
    <ClCompile Include="fade.cpp">
      <Filter>ソース ファイル\00_System</Filter>
    </ClCompile>
    <ClCompile Include="gamepad.cpp">
      <Filter>ソース ファイル\00_System</Filter>
    </ClCompile>
    <ClCompile Include="input.cpp">
      <Filter>ソース ファイル\00_System</Filter>
    </ClCompile>
    <ClCompile Include="light.cpp">
      <Filter>ソース ファイル\00_System</Filter>
    </ClCompile>
    <ClCompile Include="manager.cpp">
      <Filter>ソース ファイル\00_System</Filter>
    </ClCompile>
    <ClCompile Include="main.cpp">
      <Filter>ソース ファイル\00_System</Filter>
    </ClCompile>
    <ClCompile Include="ranking.cpp">
      <Filter>ソース ファイル\01_Scene\ranking</Filter>
    </ClCompile>
    <ClCompile Include="ranking_logo.cpp">
      <Filter>ソース ファイル\01_Scene\ranking</Filter>
    </ClCompile>
    <ClCompile Include="ranking_rank.cpp">
      <Filter>ソース ファイル\01_Scene\ranking</Filter>
    </ClCompile>
    <ClCompile Include="bg.cpp">
      <Filter>ソース ファイル\01_Scene\game</Filter>
    </ClCompile>
    <ClCompile Include="game.cpp">
      <Filter>ソース ファイル\01_Scene\game</Filter>
    </ClCompile>
    <ClCompile Include="player.cpp">
      <Filter>ソース ファイル\02_Draw\3D</Filter>
    </ClCompile>
    <ClCompile Include="model.cpp">
      <Filter>ソース ファイル\02_Draw\3D</Filter>
    </ClCompile>
    <ClCompile Include="number.cpp">
      <Filter>ソース ファイル\02_Draw\2D</Filter>
    </ClCompile>
    <ClCompile Include="polygon.cpp">
      <Filter>ソース ファイル\02_Draw\2D</Filter>
    </ClCompile>
    <ClCompile Include="result.cpp">
      <Filter>ソース ファイル\01_Scene\result</Filter>
    </ClCompile>
    <ClCompile Include="result_logo.cpp">
      <Filter>ソース ファイル\01_Scene\result</Filter>
    </ClCompile>
    <ClCompile Include="result_score.cpp">
      <Filter>ソース ファイル\01_Scene\result</Filter>
    </ClCompile>
    <ClCompile Include="score.cpp">
      <Filter>ソース ファイル\02_Draw\2D</Filter>
    </ClCompile>
    <ClCompile Include="sceneX.cpp">
      <Filter>ソース ファイル\02_Draw\3D</Filter>
    </ClCompile>
    <ClCompile Include="scene3D.cpp">
      <Filter>ソース ファイル\02_Draw\3D</Filter>
    </ClCompile>
    <ClCompile Include="scene2D.cpp">
      <Filter>ソース ファイル\02_Draw\2D</Filter>
    </ClCompile>
    <ClCompile Include="sceneBillboard.cpp">
      <Filter>ソース ファイル\02_Draw\3D</Filter>
    </ClCompile>
    <ClCompile Include="title.cpp">
      <Filter>ソース ファイル\01_Scene\title</Filter>
    </ClCompile>
    <ClCompile Include="title_enter.cpp">
      <Filter>ソース ファイル\01_Scene\title</Filter>
    </ClCompile>
    <ClCompile Include="tutorial.cpp">
      <Filter>ソース ファイル\01_Scene\tutorial</Filter>
    </ClCompile>
    <ClCompile Include="tutorial_page.cpp">
      <Filter>ソース ファイル\01_Scene\tutorial</Filter>
    </ClCompile>
    <ClCompile Include="title_logo.cpp">
      <Filter>ソース ファイル\01_Scene\title</Filter>
    </ClCompile>
    <ClCompile Include="scene.cpp">
      <Filter>ソース ファイル\02_Draw</Filter>
    </ClCompile>
    <ClCompile Include="textdata.cpp">
      <Filter>ソース ファイル\00_System\resources\textdata</Filter>
    </ClCompile>
    <ClCompile Include="textdata_player.cpp">
      <Filter>ソース ファイル\00_System\resources\textdata</Filter>
    </ClCompile>
    <ClCompile Include="textdata_ranking.cpp">
      <Filter>ソース ファイル\00_System\resources\textdata</Filter>
    </ClCompile>
    <ClCompile Include="textdata_system.cpp">
      <Filter>ソース ファイル\00_System\resources\textdata</Filter>
    </ClCompile>
    <ClCompile Include="texture.cpp">
      <Filter>ソース ファイル\00_System\resources</Filter>
    </ClCompile>
    <ClCompile Include="sound.cpp">
      <Filter>ソース ファイル\00_System\resources</Filter>
    </ClCompile>
    <ClCompile Include="ranking_score.cpp">
      <Filter>ソース ファイル\01_Scene\ranking</Filter>
    </ClCompile>
    <ClCompile Include="shadow.cpp">
      <Filter>ソース ファイル\02_Draw\3D</Filter>
    </ClCompile>
    <ClCompile Include="meshfield.cpp">
      <Filter>ソース ファイル\02_Draw\3D</Filter>
    </ClCompile>
    <ClCompile Include="object.cpp">
      <Filter>ヘッダー ファイル\02_Draw\3D</Filter>
    </ClCompile>
    <ClCompile Include="textdata_object.cpp">
      <Filter>ヘッダー ファイル\00_System\resources\textdata</Filter>
    </ClCompile>
    <ClCompile Include="renderer.cpp">
      <Filter>ソース ファイル\00_System</Filter>
    </ClCompile>
  </ItemGroup>
  <ItemGroup>
    <ClInclude Include="gamepad.h">
      <Filter>ヘッダー ファイル\00_System</Filter>
    </ClInclude>
    <ClInclude Include="fade.h">
      <Filter>ヘッダー ファイル\00_System</Filter>
    </ClInclude>
    <ClInclude Include="camera.h">
      <Filter>ヘッダー ファイル\00_System</Filter>
    </ClInclude>
    <ClInclude Include="debugproc.h">
      <Filter>ヘッダー ファイル\00_System</Filter>
    </ClInclude>
    <ClInclude Include="game.h">
      <Filter>ヘッダー ファイル\01_Scene\game</Filter>
    </ClInclude>
    <ClInclude Include="bg.h">
      <Filter>ヘッダー ファイル\01_Scene\game</Filter>
    </ClInclude>
    <ClInclude Include="input.h">
      <Filter>ヘッダー ファイル\00_System</Filter>
    </ClInclude>
    <ClInclude Include="light.h">
      <Filter>ヘッダー ファイル\00_System</Filter>
    </ClInclude>
    <ClInclude Include="main.h">
      <Filter>ヘッダー ファイル\00_System</Filter>
    </ClInclude>
    <ClInclude Include="manager.h">
      <Filter>ヘッダー ファイル\00_System</Filter>
    </ClInclude>
    <ClInclude Include="model.h">
      <Filter>ヘッダー ファイル\02_Draw\3D</Filter>
    </ClInclude>
    <ClInclude Include="number.h">
      <Filter>ヘッダー ファイル\02_Draw\2D</Filter>
    </ClInclude>
    <ClInclude Include="pause.h">
      <Filter>ヘッダー ファイル\01_Scene\game\pause</Filter>
    </ClInclude>
    <ClInclude Include="pause_base.h">
      <Filter>ヘッダー ファイル\01_Scene\game\pause</Filter>
    </ClInclude>
    <ClInclude Include="pause_bg.h">
      <Filter>ヘッダー ファイル\01_Scene\game\pause</Filter>
    </ClInclude>
    <ClInclude Include="pause_select.h">
      <Filter>ヘッダー ファイル\01_Scene\game\pause</Filter>
    </ClInclude>
    <ClInclude Include="player.h">
      <Filter>ヘッダー ファイル\02_Draw\3D</Filter>
    </ClInclude>
    <ClInclude Include="polygon.h">
      <Filter>ヘッダー ファイル\02_Draw\2D</Filter>
    </ClInclude>
    <ClInclude Include="ranking.h">
      <Filter>ヘッダー ファイル\01_Scene\ranking</Filter>
    </ClInclude>
    <ClInclude Include="ranking_logo.h">
      <Filter>ヘッダー ファイル\01_Scene\ranking</Filter>
    </ClInclude>
    <ClInclude Include="ranking_rank.h">
      <Filter>ヘッダー ファイル\01_Scene\ranking</Filter>
    </ClInclude>
    <ClInclude Include="ranking_score.h">
      <Filter>ヘッダー ファイル\01_Scene\ranking</Filter>
    </ClInclude>
    <ClInclude Include="renderer.h">
      <Filter>ヘッダー ファイル\00_System</Filter>
    </ClInclude>
    <ClInclude Include="scene2D.h">
      <Filter>ヘッダー ファイル\02_Draw\2D</Filter>
    </ClInclude>
    <ClInclude Include="scene3D.h">
      <Filter>ヘッダー ファイル\02_Draw\3D</Filter>
    </ClInclude>
    <ClInclude Include="result.h">
      <Filter>ヘッダー ファイル\01_Scene\result</Filter>
    </ClInclude>
    <ClInclude Include="result_logo.h">
      <Filter>ヘッダー ファイル\01_Scene\result</Filter>
    </ClInclude>
    <ClInclude Include="result_score.h">
      <Filter>ヘッダー ファイル\01_Scene\result</Filter>
    </ClInclude>
    <ClInclude Include="sceneBillboard.h">
      <Filter>ヘッダー ファイル\02_Draw\3D</Filter>
    </ClInclude>
    <ClInclude Include="title_enter.h">
      <Filter>ヘッダー ファイル\01_Scene\title</Filter>
    </ClInclude>
    <ClInclude Include="title.h">
      <Filter>ヘッダー ファイル\01_Scene\title</Filter>
    </ClInclude>
    <ClInclude Include="title_logo.h">
      <Filter>ヘッダー ファイル\01_Scene\title</Filter>
    </ClInclude>
    <ClInclude Include="tutorial.h">
      <Filter>ヘッダー ファイル\01_Scene\tutorial</Filter>
    </ClInclude>
    <ClInclude Include="tutorial_page.h">
      <Filter>ヘッダー ファイル\01_Scene\tutorial</Filter>
    </ClInclude>
    <ClInclude Include="score.h">
      <Filter>ヘッダー ファイル\02_Draw\2D</Filter>
    </ClInclude>
    <ClInclude Include="sound.h">
      <Filter>ヘッダー ファイル\00_System\resources</Filter>
    </ClInclude>
    <ClInclude Include="texture.h">
      <Filter>ヘッダー ファイル\00_System\resources</Filter>
    </ClInclude>
    <ClInclude Include="sceneX.h">
      <Filter>ヘッダー ファイル\02_Draw\3D</Filter>
    </ClInclude>
    <ClInclude Include="scene.h">
      <Filter>ヘッダー ファイル\02_Draw</Filter>
    </ClInclude>
    <ClInclude Include="textdata.h">
      <Filter>ヘッダー ファイル\00_System\resources\textdata</Filter>
    </ClInclude>
    <ClInclude Include="textdata_player.h">
      <Filter>ヘッダー ファイル\00_System\resources\textdata</Filter>
    </ClInclude>
    <ClInclude Include="textdata_ranking.h">
      <Filter>ヘッダー ファイル\00_System\resources\textdata</Filter>
    </ClInclude>
    <ClInclude Include="textdata_system.h">
      <Filter>ヘッダー ファイル\00_System\resources\textdata</Filter>
    </ClInclude>
    <ClInclude Include="meshfield.h">
      <Filter>ヘッダー ファイル\02_Draw\3D</Filter>
    </ClInclude>
    <ClInclude Include="shadow.h">
      <Filter>ヘッダー ファイル\02_Draw\3D</Filter>
    </ClInclude>
    <ClInclude Include="object.h">
      <Filter>ヘッダー ファイル\02_Draw\3D</Filter>
    </ClInclude>
    <ClInclude Include="textdata_object.h">
      <Filter>ヘッダー ファイル\00_System\resources\textdata</Filter>
    </ClInclude>
  </ItemGroup>
</Project>